
Microsoft Visual Studio Solution File, Format Version 12.00
# Visual Studio Version 16
VisualStudioVersion = 16.0.31005.135
MinimumVisualStudioVersion = 10.0.40219.1
Project("{FAE04EC0-301F-11D3-BF4B-00C04F79EFBC}") = "TLM3Drv", "TLM3Drv.csproj", "{3553F6BA-D54E-476F-879E-84832B7E6C61}"
EndProject
Global
	GlobalSection(SolutionConfigurationPlatforms) = preSolution
		Debug|Any CPU = Debug|Any CPU
		Release|Any CPU = Release|Any CPU
	EndGlobalSection
	GlobalSection(ProjectConfigurationPlatforms) = postSolution
		{3553F6BA-D54E-476F-879E-84832B7E6C61}.Debug|Any CPU.ActiveCfg = Debug|Any CPU
		{3553F6BA-D54E-476F-879E-84832B7E6C61}.Debug|Any CPU.Build.0 = Debug|Any CPU
		{3553F6BA-D54E-476F-879E-84832B7E6C61}.Release|Any CPU.ActiveCfg = Release|Any CPU
		{3553F6BA-D54E-476F-879E-84832B7E6C61}.Release|Any CPU.Build.0 = Release|Any CPU
	EndGlobalSection
	GlobalSection(SolutionProperties) = preSolution
		HideSolutionNode = FALSE
	EndGlobalSection
	GlobalSection(ExtensibilityGlobals) = postSolution
		SolutionGuid = {2AFE351F-41EF-42AF-9B0C-734928326D9E}
	EndGlobalSection
EndGlobal
